
Microsoft Visual Studio Solution File, Format Version 12.00
# Visual Studio Version 16
VisualStudioVersion = 16.0.29926.136
MinimumVisualStudioVersion = 10.0.40219.1
Project("{FAE04EC0-301F-11D3-BF4B-00C04F79EFBC}") = "Notes_CRUD_App", "Notes_CRUD_App\Notes_CRUD_App.csproj", "{309C7E3A-2132-495D-86A6-89925A19B58A}"
EndProject
Global
	GlobalSection(SolutionConfigurationPlatforms) = preSolution
		Debug|Any CPU = Debug|Any CPU
		Release|Any CPU = Release|Any CPU
	EndGlobalSection
	GlobalSection(ProjectConfigurationPlatforms) = postSolution
		{309C7E3A-2132-495D-86A6-89925A19B58A}.Debug|Any CPU.ActiveCfg = Debug|Any CPU
		{309C7E3A-2132-495D-86A6-89925A19B58A}.Debug|Any CPU.Build.0 = Debug|Any CPU
		{309C7E3A-2132-495D-86A6-89925A19B58A}.Release|Any CPU.ActiveCfg = Release|Any CPU
		{309C7E3A-2132-495D-86A6-89925A19B58A}.Release|Any CPU.Build.0 = Release|Any CPU
	EndGlobalSection
	GlobalSection(SolutionProperties) = preSolution
		HideSolutionNode = FALSE
	EndGlobalSection
	GlobalSection(ExtensibilityGlobals) = postSolution
		SolutionGuid = {914DAC25-C5FD-45AC-BA87-C60927F7DFB2}
	EndGlobalSection
EndGlobal
